
Microsoft Visual Studio Solution File, Format Version 12.00
# Visual Studio Version 17
VisualStudioVersion = 17.0.31903.59
MinimumVisualStudioVersion = 10.0.40219.1
Project("{FAE04EC0-301F-11D3-BF4B-00C04F79EFBC}") = "DesktopNode.Contracts", "DesktopNode.Contracts\DesktopNode.Contracts.csproj", "{7A12E707-6038-4095-B460-A25A3717380C}"
EndProject
Project("{FAE04EC0-301F-11D3-BF4B-00C04F79EFBC}") = "DesktopNode.Contracts.Tests", "DesktopNode.Contracts.Tests\DesktopNode.Contracts.Tests.csproj", "{49E28BF8-6EAB-41E5-9A48-33BA1DD1B637}"
EndProject
Project("{FAE04EC0-301F-11D3-BF4B-00C04F79EFBC}") = "DesktopNode.Runtime", "DesktopNode.Runtime\DesktopNode.Runtime.csproj", "{C8FE884F-1FA5-4D8F-A7B0-11C7D82F9918}"
EndProject
Project("{FAE04EC0-301F-11D3-BF4B-00C04F79EFBC}") = "DesktopNode.Runtime.Tests", "DesktopNode.Runtime.Tests\DesktopNode.Runtime.Tests.csproj", "{D1FA7445-3401-4456-8D7B-827429A9350A}"
EndProject
Project("{FAE04EC0-301F-11D3-BF4B-00C04F79EFBC}") = "DesktopNode.Api", "DesktopNode.Api\DesktopNode.Api.csproj", "{6ECA69DD-38A6-410E-8639-DD160899A461}"
EndProject
Project("{FAE04EC0-301F-11D3-BF4B-00C04F79EFBC}") = "DesktopNode.Api.Tests", "DesktopNode.Api.Tests\DesktopNode.Api.Tests.csproj", "{7A34F709-1104-42FD-BE75-C2399207D481}"
EndProject
Project("{FAE04EC0-301F-11D3-BF4B-00C04F79EFBC}") = "DesktopNode.Service", "DesktopNode.Service\DesktopNode.Service.csproj", "{433E9DD1-1303-4FA0-A626-F89C8BCCA439}"
EndProject
Project("{FAE04EC0-301F-11D3-BF4B-00C04F79EFBC}") = "DesktopNode.Service.Tests", "DesktopNode.Service.Tests\DesktopNode.Service.Tests.csproj", "{28B5BBD8-382D-4346-889F-C333842602E5}"
EndProject
Project("{FAE04EC0-301F-11D3-BF4B-00C04F79EFBC}") = "DesktopNode.Host", "DesktopNode.Host\DesktopNode.Host.csproj", "{C2A22D36-60FD-4DC0-A8E8-2E032E60F075}"
EndProject
Project("{FAE04EC0-301F-11D3-BF4B-00C04F79EFBC}") = "DesktopNode.Host.Tests", "DesktopNode.Host.Tests\DesktopNode.Host.Tests.csproj", "{8AFEFE07-E365-451D-9492-68024C6E20DE}"
EndProject
Project("{FAE04EC0-301F-11D3-BF4B-00C04F79EFBC}") = "DesktopNode.Cli", "DesktopNode.Cli\DesktopNode.Cli.csproj", "{DB765F7B-3E78-4D43-8710-C3225374724E}"
EndProject
Project("{FAE04EC0-301F-11D3-BF4B-00C04F79EFBC}") = "DesktopNode.Cli.Tests", "DesktopNode.Cli.Tests\DesktopNode.Cli.Tests.csproj", "{265C515A-07BB-45DD-ABD4-7505DE3EF39B}"
EndProject
Project("{FAE04EC0-301F-11D3-BF4B-00C04F79EFBC}") = "DesktopNode.HyperV", "DesktopNode.HyperV\DesktopNode.HyperV.csproj", "{93CD1847-B4E5-4DBE-842B-CE2F8AA0A6D0}"
EndProject
Project("{FAE04EC0-301F-11D3-BF4B-00C04F79EFBC}") = "DesktopNode.HyperV.Tests", "DesktopNode.HyperV.Tests\DesktopNode.HyperV.Tests.csproj", "{A9F1A87E-F501-460E-9363-D564736B2D1C}"
EndProject
Project("{FAE04EC0-301F-11D3-BF4B-00C04F79EFBC}") = "DesktopNode.Verification", "DesktopNode.Verification\DesktopNode.Verification.csproj", "{DEB3E864-2B6E-4D6E-A056-C9516F1815CE}"
EndProject
Project("{FAE04EC0-301F-11D3-BF4B-00C04F79EFBC}") = "DesktopNode.Verification.Tests", "DesktopNode.Verification.Tests\DesktopNode.Verification.Tests.csproj", "{27D3649B-6F42-4DDE-8443-A9A30F1FA5D1}"
EndProject
Project("{FAE04EC0-301F-11D3-BF4B-00C04F79EFBC}") = "DesktopNode.Delivery.Tests", "DesktopNode.Delivery.Tests\DesktopNode.Delivery.Tests.csproj", "{2582952B-38BB-48B0-B6B0-78A19CE6BD8C}"
EndProject
Global
	GlobalSection(SolutionConfigurationPlatforms) = preSolution
		Debug|Any CPU = Debug|Any CPU
		Debug|x64 = Debug|x64
		Debug|x86 = Debug|x86
		Release|Any CPU = Release|Any CPU
		Release|x64 = Release|x64
		Release|x86 = Release|x86
	EndGlobalSection
	GlobalSection(ProjectConfigurationPlatforms) = postSolution
		{7A12E707-6038-4095-B460-A25A3717380C}.Debug|Any CPU.ActiveCfg = Debug|Any CPU
		{7A12E707-6038-4095-B460-A25A3717380C}.Debug|Any CPU.Build.0 = Debug|Any CPU
		{7A12E707-6038-4095-B460-A25A3717380C}.Debug|x64.ActiveCfg = Debug|Any CPU
		{7A12E707-6038-4095-B460-A25A3717380C}.Debug|x64.Build.0 = Debug|Any CPU
		{7A12E707-6038-4095-B460-A25A3717380C}.Debug|x86.ActiveCfg = Debug|Any CPU
		{7A12E707-6038-4095-B460-A25A3717380C}.Debug|x86.Build.0 = Debug|Any CPU
		{7A12E707-6038-4095-B460-A25A3717380C}.Release|Any CPU.ActiveCfg = Release|Any CPU
		{7A12E707-6038-4095-B460-A25A3717380C}.Release|Any CPU.Build.0 = Release|Any CPU
		{7A12E707-6038-4095-B460-A25A3717380C}.Release|x64.ActiveCfg = Release|Any CPU
		{7A12E707-6038-4095-B460-A25A3717380C}.Release|x64.Build.0 = Release|Any CPU
		{7A12E707-6038-4095-B460-A25A3717380C}.Release|x86.ActiveCfg = Release|Any CPU
		{7A12E707-6038-4095-B460-A25A3717380C}.Release|x86.Build.0 = Release|Any CPU
		{49E28BF8-6EAB-41E5-9A48-33BA1DD1B637}.Debug|Any CPU.ActiveCfg = Debug|Any CPU
		{49E28BF8-6EAB-41E5-9A48-33BA1DD1B637}.Debug|Any CPU.Build.0 = Debug|Any CPU
		{49E28BF8-6EAB-41E5-9A48-33BA1DD1B637}.Debug|x64.ActiveCfg = Debug|Any CPU
		{49E28BF8-6EAB-41E5-9A48-33BA1DD1B637}.Debug|x64.Build.0 = Debug|Any CPU
		{49E28BF8-6EAB-41E5-9A48-33BA1DD1B637}.Debug|x86.ActiveCfg = Debug|Any CPU
		{49E28BF8-6EAB-41E5-9A48-33BA1DD1B637}.Debug|x86.Build.0 = Debug|Any CPU
		{49E28BF8-6EAB-41E5-9A48-33BA1DD1B637}.Release|Any CPU.ActiveCfg = Release|Any CPU
		{49E28BF8-6EAB-41E5-9A48-33BA1DD1B637}.Release|Any CPU.Build.0 = Release|Any CPU
		{49E28BF8-6EAB-41E5-9A48-33BA1DD1B637}.Release|x64.ActiveCfg = Release|Any CPU
		{49E28BF8-6EAB-41E5-9A48-33BA1DD1B637}.Release|x64.Build.0 = Release|Any CPU
		{49E28BF8-6EAB-41E5-9A48-33BA1DD1B637}.Release|x86.ActiveCfg = Release|Any CPU
		{49E28BF8-6EAB-41E5-9A48-33BA1DD1B637}.Release|x86.Build.0 = Release|Any CPU
		{C8FE884F-1FA5-4D8F-A7B0-11C7D82F9918}.Debug|Any CPU.ActiveCfg = Debug|Any CPU
		{C8FE884F-1FA5-4D8F-A7B0-11C7D82F9918}.Debug|Any CPU.Build.0 = Debug|Any CPU
		{C8FE884F-1FA5-4D8F-A7B0-11C7D82F9918}.Debug|x64.ActiveCfg = Debug|Any CPU
		{C8FE884F-1FA5-4D8F-A7B0-11C7D82F9918}.Debug|x64.Build.0 = Debug|Any CPU
		{C8FE884F-1FA5-4D8F-A7B0-11C7D82F9918}.Debug|x86.ActiveCfg = Debug|Any CPU
		{C8FE884F-1FA5-4D8F-A7B0-11C7D82F9918}.Debug|x86.Build.0 = Debug|Any CPU
		{C8FE884F-1FA5-4D8F-A7B0-11C7D82F9918}.Release|Any CPU.ActiveCfg = Release|Any CPU
		{C8FE884F-1FA5-4D8F-A7B0-11C7D82F9918}.Release|Any CPU.Build.0 = Release|Any CPU
		{C8FE884F-1FA5-4D8F-A7B0-11C7D82F9918}.Release|x64.ActiveCfg = Release|Any CPU
		{C8FE884F-1FA5-4D8F-A7B0-11C7D82F9918}.Release|x64.Build.0 = Release|Any CPU
		{C8FE884F-1FA5-4D8F-A7B0-11C7D82F9918}.Release|x86.ActiveCfg = Release|Any CPU
		{C8FE884F-1FA5-4D8F-A7B0-11C7D82F9918}.Release|x86.Build.0 = Release|Any CPU
		{D1FA7445-3401-4456-8D7B-827429A9350A}.Debug|Any CPU.ActiveCfg = Debug|Any CPU
		{D1FA7445-3401-4456-8D7B-827429A9350A}.Debug|Any CPU.Build.0 = Debug|Any CPU
		{D1FA7445-3401-4456-8D7B-827429A9350A}.Debug|x64.ActiveCfg = Debug|Any CPU
		{D1FA7445-3401-4456-8D7B-827429A9350A}.Debug|x64.Build.0 = Debug|Any CPU
		{D1FA7445-3401-4456-8D7B-827429A9350A}.Debug|x86.ActiveCfg = Debug|Any CPU
		{D1FA7445-3401-4456-8D7B-827429A9350A}.Debug|x86.Build.0 = Debug|Any CPU
		{D1FA7445-3401-4456-8D7B-827429A9350A}.Release|Any CPU.ActiveCfg = Release|Any CPU
		{D1FA7445-3401-4456-8D7B-827429A9350A}.Release|Any CPU.Build.0 = Release|Any CPU
		{D1FA7445-3401-4456-8D7B-827429A9350A}.Release|x64.ActiveCfg = Release|Any CPU
		{D1FA7445-3401-4456-8D7B-827429A9350A}.Release|x64.Build.0 = Release|Any CPU
		{D1FA7445-3401-4456-8D7B-827429A9350A}.Release|x86.ActiveCfg = Release|Any CPU
		{D1FA7445-3401-4456-8D7B-827429A9350A}.Release|x86.Build.0 = Release|Any CPU
		{6ECA69DD-38A6-410E-8639-DD160899A461}.Debug|Any CPU.ActiveCfg = Debug|Any CPU
		{6ECA69DD-38A6-410E-8639-DD160899A461}.Debug|Any CPU.Build.0 = Debug|Any CPU
		{6ECA69DD-38A6-410E-8639-DD160899A461}.Debug|x64.ActiveCfg = Debug|Any CPU
		{6ECA69DD-38A6-410E-8639-DD160899A461}.Debug|x64.Build.0 = Debug|Any CPU
		{6ECA69DD-38A6-410E-8639-DD160899A461}.Debug|x86.ActiveCfg = Debug|Any CPU
		{6ECA69DD-38A6-410E-8639-DD160899A461}.Debug|x86.Build.0 = Debug|Any CPU
		{6ECA69DD-38A6-410E-8639-DD160899A461}.Release|Any CPU.ActiveCfg = Release|Any CPU
		{6ECA69DD-38A6-410E-8639-DD160899A461}.Release|Any CPU.Build.0 = Release|Any CPU
		{6ECA69DD-38A6-410E-8639-DD160899A461}.Release|x64.ActiveCfg = Release|Any CPU
		{6ECA69DD-38A6-410E-8639-DD160899A461}.Release|x64.Build.0 = Release|Any CPU
		{6ECA69DD-38A6-410E-8639-DD160899A461}.Release|x86.ActiveCfg = Release|Any CPU
		{6ECA69DD-38A6-410E-8639-DD160899A461}.Release|x86.Build.0 = Release|Any CPU
		{7A34F709-1104-42FD-BE75-C2399207D481}.Debug|Any CPU.ActiveCfg = Debug|Any CPU
		{7A34F709-1104-42FD-BE75-C2399207D481}.Debug|Any CPU.Build.0 = Debug|Any CPU
		{7A34F709-1104-42FD-BE75-C2399207D481}.Debug|x64.ActiveCfg = Debug|Any CPU
		{7A34F709-1104-42FD-BE75-C2399207D481}.Debug|x64.Build.0 = Debug|Any CPU
		{7A34F709-1104-42FD-BE75-C2399207D481}.Debug|x86.ActiveCfg = Debug|Any CPU
		{7A34F709-1104-42FD-BE75-C2399207D481}.Debug|x86.Build.0 = Debug|Any CPU
		{7A34F709-1104-42FD-BE75-C2399207D481}.Release|Any CPU.ActiveCfg = Release|Any CPU
		{7A34F709-1104-42FD-BE75-C2399207D481}.Release|Any CPU.Build.0 = Release|Any CPU
		{7A34F709-1104-42FD-BE75-C2399207D481}.Release|x64.ActiveCfg = Release|Any CPU
		{7A34F709-1104-42FD-BE75-C2399207D481}.Release|x64.Build.0 = Release|Any CPU
		{7A34F709-1104-42FD-BE75-C2399207D481}.Release|x86.ActiveCfg = Release|Any CPU
		{7A34F709-1104-42FD-BE75-C2399207D481}.Release|x86.Build.0 = Release|Any CPU
		{433E9DD1-1303-4FA0-A626-F89C8BCCA439}.Debug|Any CPU.ActiveCfg = Debug|Any CPU
		{433E9DD1-1303-4FA0-A626-F89C8BCCA439}.Debug|Any CPU.Build.0 = Debug|Any CPU
		{433E9DD1-1303-4FA0-A626-F89C8BCCA439}.Debug|x64.ActiveCfg = Debug|Any CPU
		{433E9DD1-1303-4FA0-A626-F89C8BCCA439}.Debug|x64.Build.0 = Debug|Any CPU
		{433E9DD1-1303-4FA0-A626-F89C8BCCA439}.Debug|x86.ActiveCfg = Debug|Any CPU
		{433E9DD1-1303-4FA0-A626-F89C8BCCA439}.Debug|x86.Build.0 = Debug|Any CPU
		{433E9DD1-1303-4FA0-A626-F89C8BCCA439}.Release|Any CPU.ActiveCfg = Release|Any CPU
		{433E9DD1-1303-4FA0-A626-F89C8BCCA439}.Release|Any CPU.Build.0 = Release|Any CPU
		{433E9DD1-1303-4FA0-A626-F89C8BCCA439}.Release|x64.ActiveCfg = Release|Any CPU
		{433E9DD1-1303-4FA0-A626-F89C8BCCA439}.Release|x64.Build.0 = Release|Any CPU
		{433E9DD1-1303-4FA0-A626-F89C8BCCA439}.Release|x86.ActiveCfg = Release|Any CPU
		{433E9DD1-1303-4FA0-A626-F89C8BCCA439}.Release|x86.Build.0 = Release|Any CPU
		{28B5BBD8-382D-4346-889F-C333842602E5}.Debug|Any CPU.ActiveCfg = Debug|Any CPU
		{28B5BBD8-382D-4346-889F-C333842602E5}.Debug|Any CPU.Build.0 = Debug|Any CPU
		{28B5BBD8-382D-4346-889F-C333842602E5}.Debug|x64.ActiveCfg = Debug|Any CPU
		{28B5BBD8-382D-4346-889F-C333842602E5}.Debug|x64.Build.0 = Debug|Any CPU
		{28B5BBD8-382D-4346-889F-C333842602E5}.Debug|x86.ActiveCfg = Debug|Any CPU
		{28B5BBD8-382D-4346-889F-C333842602E5}.Debug|x86.Build.0 = Debug|Any CPU
		{28B5BBD8-382D-4346-889F-C333842602E5}.Release|Any CPU.ActiveCfg = Release|Any CPU
		{28B5BBD8-382D-4346-889F-C333842602E5}.Release|Any CPU.Build.0 = Release|Any CPU
		{28B5BBD8-382D-4346-889F-C333842602E5}.Release|x64.ActiveCfg = Release|Any CPU
		{28B5BBD8-382D-4346-889F-C333842602E5}.Release|x64.Build.0 = Release|Any CPU
		{28B5BBD8-382D-4346-889F-C333842602E5}.Release|x86.ActiveCfg = Release|Any CPU
		{28B5BBD8-382D-4346-889F-C333842602E5}.Release|x86.Build.0 = Release|Any CPU
		{C2A22D36-60FD-4DC0-A8E8-2E032E60F075}.Debug|Any CPU.ActiveCfg = Debug|Any CPU
		{C2A22D36-60FD-4DC0-A8E8-2E032E60F075}.Debug|Any CPU.Build.0 = Debug|Any CPU
		{C2A22D36-60FD-4DC0-A8E8-2E032E60F075}.Debug|x64.ActiveCfg = Debug|Any CPU
		{C2A22D36-60FD-4DC0-A8E8-2E032E60F075}.Debug|x64.Build.0 = Debug|Any CPU
		{C2A22D36-60FD-4DC0-A8E8-2E032E60F075}.Debug|x86.ActiveCfg = Debug|Any CPU
		{C2A22D36-60FD-4DC0-A8E8-2E032E60F075}.Debug|x86.Build.0 = Debug|Any CPU
		{C2A22D36-60FD-4DC0-A8E8-2E032E60F075}.Release|Any CPU.ActiveCfg = Release|Any CPU
		{C2A22D36-60FD-4DC0-A8E8-2E032E60F075}.Release|Any CPU.Build.0 = Release|Any CPU
		{C2A22D36-60FD-4DC0-A8E8-2E032E60F075}.Release|x64.ActiveCfg = Release|Any CPU
		{C2A22D36-60FD-4DC0-A8E8-2E032E60F075}.Release|x64.Build.0 = Release|Any CPU
		{C2A22D36-60FD-4DC0-A8E8-2E032E60F075}.Release|x86.ActiveCfg = Release|Any CPU
		{C2A22D36-60FD-4DC0-A8E8-2E032E60F075}.Release|x86.Build.0 = Release|Any CPU
		{8AFEFE07-E365-451D-9492-68024C6E20DE}.Debug|Any CPU.ActiveCfg = Debug|Any CPU
		{8AFEFE07-E365-451D-9492-68024C6E20DE}.Debug|Any CPU.Build.0 = Debug|Any CPU
		{8AFEFE07-E365-451D-9492-68024C6E20DE}.Debug|x64.ActiveCfg = Debug|Any CPU
		{8AFEFE07-E365-451D-9492-68024C6E20DE}.Debug|x64.Build.0 = Debug|Any CPU
		{8AFEFE07-E365-451D-9492-68024C6E20DE}.Debug|x86.ActiveCfg = Debug|Any CPU
		{8AFEFE07-E365-451D-9492-68024C6E20DE}.Debug|x86.Build.0 = Debug|Any CPU
		{8AFEFE07-E365-451D-9492-68024C6E20DE}.Release|Any CPU.ActiveCfg = Release|Any CPU
		{8AFEFE07-E365-451D-9492-68024C6E20DE}.Release|Any CPU.Build.0 = Release|Any CPU
		{8AFEFE07-E365-451D-9492-68024C6E20DE}.Release|x64.ActiveCfg = Release|Any CPU
		{8AFEFE07-E365-451D-9492-68024C6E20DE}.Release|x64.Build.0 = Release|Any CPU
		{8AFEFE07-E365-451D-9492-68024C6E20DE}.Release|x86.ActiveCfg = Release|Any CPU
		{8AFEFE07-E365-451D-9492-68024C6E20DE}.Release|x86.Build.0 = Release|Any CPU
		{DB765F7B-3E78-4D43-8710-C3225374724E}.Debug|Any CPU.ActiveCfg = Debug|Any CPU
		{DB765F7B-3E78-4D43-8710-C3225374724E}.Debug|Any CPU.Build.0 = Debug|Any CPU
		{DB765F7B-3E78-4D43-8710-C3225374724E}.Debug|x64.ActiveCfg = Debug|Any CPU
		{DB765F7B-3E78-4D43-8710-C3225374724E}.Debug|x64.Build.0 = Debug|Any CPU
		{DB765F7B-3E78-4D43-8710-C3225374724E}.Debug|x86.ActiveCfg = Debug|Any CPU
		{DB765F7B-3E78-4D43-8710-C3225374724E}.Debug|x86.Build.0 = Debug|Any CPU
		{DB765F7B-3E78-4D43-8710-C3225374724E}.Release|Any CPU.ActiveCfg = Release|Any CPU
		{DB765F7B-3E78-4D43-8710-C3225374724E}.Release|Any CPU.Build.0 = Release|Any CPU
		{DB765F7B-3E78-4D43-8710-C3225374724E}.Release|x64.ActiveCfg = Release|Any CPU
		{DB765F7B-3E78-4D43-8710-C3225374724E}.Release|x64.Build.0 = Release|Any CPU
		{DB765F7B-3E78-4D43-8710-C3225374724E}.Release|x86.ActiveCfg = Release|Any CPU
		{DB765F7B-3E78-4D43-8710-C3225374724E}.Release|x86.Build.0 = Release|Any CPU
		{265C515A-07BB-45DD-ABD4-7505DE3EF39B}.Debug|Any CPU.ActiveCfg = Debug|Any CPU
		{265C515A-07BB-45DD-ABD4-7505DE3EF39B}.Debug|Any CPU.Build.0 = Debug|Any CPU
		{265C515A-07BB-45DD-ABD4-7505DE3EF39B}.Debug|x64.ActiveCfg = Debug|Any CPU
		{265C515A-07BB-45DD-ABD4-7505DE3EF39B}.Debug|x64.Build.0 = Debug|Any CPU
		{265C515A-07BB-45DD-ABD4-7505DE3EF39B}.Debug|x86.ActiveCfg = Debug|Any CPU
		{265C515A-07BB-45DD-ABD4-7505DE3EF39B}.Debug|x86.Build.0 = Debug|Any CPU
		{265C515A-07BB-45DD-ABD4-7505DE3EF39B}.Release|Any CPU.ActiveCfg = Release|Any CPU
		{265C515A-07BB-45DD-ABD4-7505DE3EF39B}.Release|Any CPU.Build.0 = Release|Any CPU
		{265C515A-07BB-45DD-ABD4-7505DE3EF39B}.Release|x64.ActiveCfg = Release|Any CPU
		{265C515A-07BB-45DD-ABD4-7505DE3EF39B}.Release|x64.Build.0 = Release|Any CPU
		{265C515A-07BB-45DD-ABD4-7505DE3EF39B}.Release|x86.ActiveCfg = Release|Any CPU
		{265C515A-07BB-45DD-ABD4-7505DE3EF39B}.Release|x86.Build.0 = Release|Any CPU
		{93CD1847-B4E5-4DBE-842B-CE2F8AA0A6D0}.Debug|Any CPU.ActiveCfg = Debug|Any CPU
		{93CD1847-B4E5-4DBE-842B-CE2F8AA0A6D0}.Debug|Any CPU.Build.0 = Debug|Any CPU
		{93CD1847-B4E5-4DBE-842B-CE2F8AA0A6D0}.Debug|x64.ActiveCfg = Debug|Any CPU
		{93CD1847-B4E5-4DBE-842B-CE2F8AA0A6D0}.Debug|x64.Build.0 = Debug|Any CPU
		{93CD1847-B4E5-4DBE-842B-CE2F8AA0A6D0}.Debug|x86.ActiveCfg = Debug|Any CPU
		{93CD1847-B4E5-4DBE-842B-CE2F8AA0A6D0}.Debug|x86.Build.0 = Debug|Any CPU
		{93CD1847-B4E5-4DBE-842B-CE2F8AA0A6D0}.Release|Any CPU.ActiveCfg = Release|Any CPU
		{93CD1847-B4E5-4DBE-842B-CE2F8AA0A6D0}.Release|Any CPU.Build.0 = Release|Any CPU
		{93CD1847-B4E5-4DBE-842B-CE2F8AA0A6D0}.Release|x64.ActiveCfg = Release|Any CPU
		{93CD1847-B4E5-4DBE-842B-CE2F8AA0A6D0}.Release|x64.Build.0 = Release|Any CPU
		{93CD1847-B4E5-4DBE-842B-CE2F8AA0A6D0}.Release|x86.ActiveCfg = Release|Any CPU
		{93CD1847-B4E5-4DBE-842B-CE2F8AA0A6D0}.Release|x86.Build.0 = Release|Any CPU
		{A9F1A87E-F501-460E-9363-D564736B2D1C}.Debug|Any CPU.ActiveCfg = Debug|Any CPU
		{A9F1A87E-F501-460E-9363-D564736B2D1C}.Debug|Any CPU.Build.0 = Debug|Any CPU
		{A9F1A87E-F501-460E-9363-D564736B2D1C}.Debug|x64.ActiveCfg = Debug|Any CPU
		{A9F1A87E-F501-460E-9363-D564736B2D1C}.Debug|x64.Build.0 = Debug|Any CPU
		{A9F1A87E-F501-460E-9363-D564736B2D1C}.Debug|x86.ActiveCfg = Debug|Any CPU
		{A9F1A87E-F501-460E-9363-D564736B2D1C}.Debug|x86.Build.0 = Debug|Any CPU
		{A9F1A87E-F501-460E-9363-D564736B2D1C}.Release|Any CPU.ActiveCfg = Release|Any CPU
		{A9F1A87E-F501-460E-9363-D564736B2D1C}.Release|Any CPU.Build.0 = Release|Any CPU
		{A9F1A87E-F501-460E-9363-D564736B2D1C}.Release|x64.ActiveCfg = Release|Any CPU
		{A9F1A87E-F501-460E-9363-D564736B2D1C}.Release|x64.Build.0 = Release|Any CPU
		{A9F1A87E-F501-460E-9363-D564736B2D1C}.Release|x86.ActiveCfg = Release|Any CPU
		{A9F1A87E-F501-460E-9363-D564736B2D1C}.Release|x86.Build.0 = Release|Any CPU
		{DEB3E864-2B6E-4D6E-A056-C9516F1815CE}.Debug|Any CPU.ActiveCfg = Debug|Any CPU
		{DEB3E864-2B6E-4D6E-A056-C9516F1815CE}.Debug|Any CPU.Build.0 = Debug|Any CPU
		{DEB3E864-2B6E-4D6E-A056-C9516F1815CE}.Debug|x64.ActiveCfg = Debug|Any CPU
		{DEB3E864-2B6E-4D6E-A056-C9516F1815CE}.Debug|x64.Build.0 = Debug|Any CPU
		{DEB3E864-2B6E-4D6E-A056-C9516F1815CE}.Debug|x86.ActiveCfg = Debug|Any CPU
		{DEB3E864-2B6E-4D6E-A056-C9516F1815CE}.Debug|x86.Build.0 = Debug|Any CPU
		{DEB3E864-2B6E-4D6E-A056-C9516F1815CE}.Release|Any CPU.ActiveCfg = Release|Any CPU
		{DEB3E864-2B6E-4D6E-A056-C9516F1815CE}.Release|Any CPU.Build.0 = Release|Any CPU
		{DEB3E864-2B6E-4D6E-A056-C9516F1815CE}.Release|x64.ActiveCfg = Release|Any CPU
		{DEB3E864-2B6E-4D6E-A056-C9516F1815CE}.Release|x64.Build.0 = Release|Any CPU
		{DEB3E864-2B6E-4D6E-A056-C9516F1815CE}.Release|x86.ActiveCfg = Release|Any CPU
		{DEB3E864-2B6E-4D6E-A056-C9516F1815CE}.Release|x86.Build.0 = Release|Any CPU
		{27D3649B-6F42-4DDE-8443-A9A30F1FA5D1}.Debug|Any CPU.ActiveCfg = Debug|Any CPU
		{27D3649B-6F42-4DDE-8443-A9A30F1FA5D1}.Debug|Any CPU.Build.0 = Debug|Any CPU
		{27D3649B-6F42-4DDE-8443-A9A30F1FA5D1}.Debug|x64.ActiveCfg = Debug|Any CPU
		{27D3649B-6F42-4DDE-8443-A9A30F1FA5D1}.Debug|x64.Build.0 = Debug|Any CPU
		{27D3649B-6F42-4DDE-8443-A9A30F1FA5D1}.Debug|x86.ActiveCfg = Debug|Any CPU
		{27D3649B-6F42-4DDE-8443-A9A30F1FA5D1}.Debug|x86.Build.0 = Debug|Any CPU
		{27D3649B-6F42-4DDE-8443-A9A30F1FA5D1}.Release|Any CPU.ActiveCfg = Release|Any CPU
		{27D3649B-6F42-4DDE-8443-A9A30F1FA5D1}.Release|Any CPU.Build.0 = Release|Any CPU
		{27D3649B-6F42-4DDE-8443-A9A30F1FA5D1}.Release|x64.ActiveCfg = Release|Any CPU
		{27D3649B-6F42-4DDE-8443-A9A30F1FA5D1}.Release|x64.Build.0 = Release|Any CPU
		{27D3649B-6F42-4DDE-8443-A9A30F1FA5D1}.Release|x86.ActiveCfg = Release|Any CPU
		{27D3649B-6F42-4DDE-8443-A9A30F1FA5D1}.Release|x86.Build.0 = Release|Any CPU
		{2582952B-38BB-48B0-B6B0-78A19CE6BD8C}.Debug|Any CPU.ActiveCfg = Debug|Any CPU
		{2582952B-38BB-48B0-B6B0-78A19CE6BD8C}.Debug|Any CPU.Build.0 = Debug|Any CPU
		{2582952B-38BB-48B0-B6B0-78A19CE6BD8C}.Debug|x64.ActiveCfg = Debug|Any CPU
		{2582952B-38BB-48B0-B6B0-78A19CE6BD8C}.Debug|x64.Build.0 = Debug|Any CPU
		{2582952B-38BB-48B0-B6B0-78A19CE6BD8C}.Debug|x86.ActiveCfg = Debug|Any CPU
		{2582952B-38BB-48B0-B6B0-78A19CE6BD8C}.Debug|x86.Build.0 = Debug|Any CPU
		{2582952B-38BB-48B0-B6B0-78A19CE6BD8C}.Release|Any CPU.ActiveCfg = Release|Any CPU
		{2582952B-38BB-48B0-B6B0-78A19CE6BD8C}.Release|Any CPU.Build.0 = Release|Any CPU
		{2582952B-38BB-48B0-B6B0-78A19CE6BD8C}.Release|x64.ActiveCfg = Release|Any CPU
		{2582952B-38BB-48B0-B6B0-78A19CE6BD8C}.Release|x64.Build.0 = Release|Any CPU
		{2582952B-38BB-48B0-B6B0-78A19CE6BD8C}.Release|x86.ActiveCfg = Release|Any CPU
		{2582952B-38BB-48B0-B6B0-78A19CE6BD8C}.Release|x86.Build.0 = Release|Any CPU
	EndGlobalSection
	GlobalSection(SolutionProperties) = preSolution
		HideSolutionNode = FALSE
	EndGlobalSection
EndGlobal
